
Microsoft Visual Studio Solution File, Format Version 12.00
# Visual Studio Version 16
VisualStudioVersion = 16.0.30011.22
MinimumVisualStudioVersion = 10.0.40219.1
Project("{FAE04EC0-301F-11D3-BF4B-00C04F79EFBC}") = "Ex04.Menus.Interfaces", "Ex04.Menus.Interfaces\Ex04.Menus.Interfaces.csproj", "{93F5B70D-DD46-43C8-AC1F-2FDDB9B5B6A5}"
EndProject
Project("{FAE04EC0-301F-11D3-BF4B-00C04F79EFBC}") = "Ex04.Menus.Delegates", "Ex04.Menus.Delegates\Ex04.Menus.Delegates.csproj", "{72CDD000-DB6C-499A-B72B-927F0F02E6D5}"
EndProject
Project("{FAE04EC0-301F-11D3-BF4B-00C04F79EFBC}") = "Ex04.Menus.Test", "Ex04.Menus.Test\Ex04.Menus.Test.csproj", "{CCE3D171-D29B-4BD8-8034-553ABDA18ABD}"
EndProject
Global
	GlobalSection(SolutionConfigurationPlatforms) = preSolution
		Debug|Any CPU = Debug|Any CPU
		Release|Any CPU = Release|Any CPU
	EndGlobalSection
	GlobalSection(ProjectConfigurationPlatforms) = postSolution
		{93F5B70D-DD46-43C8-AC1F-2FDDB9B5B6A5}.Debug|Any CPU.ActiveCfg = Debug|Any CPU
		{93F5B70D-DD46-43C8-AC1F-2FDDB9B5B6A5}.Debug|Any CPU.Build.0 = Debug|Any CPU
		{93F5B70D-DD46-43C8-AC1F-2FDDB9B5B6A5}.Release|Any CPU.ActiveCfg = Release|Any CPU
		{93F5B70D-DD46-43C8-AC1F-2FDDB9B5B6A5}.Release|Any CPU.Build.0 = Release|Any CPU
		{72CDD000-DB6C-499A-B72B-927F0F02E6D5}.Debug|Any CPU.ActiveCfg = Debug|Any CPU
		{72CDD000-DB6C-499A-B72B-927F0F02E6D5}.Debug|Any CPU.Build.0 = Debug|Any CPU
		{72CDD000-DB6C-499A-B72B-927F0F02E6D5}.Release|Any CPU.ActiveCfg = Release|Any CPU
		{72CDD000-DB6C-499A-B72B-927F0F02E6D5}.Release|Any CPU.Build.0 = Release|Any CPU
		{CCE3D171-D29B-4BD8-8034-553ABDA18ABD}.Debug|Any CPU.ActiveCfg = Debug|Any CPU
		{CCE3D171-D29B-4BD8-8034-553ABDA18ABD}.Debug|Any CPU.Build.0 = Debug|Any CPU
		{CCE3D171-D29B-4BD8-8034-553ABDA18ABD}.Release|Any CPU.ActiveCfg = Release|Any CPU
		{CCE3D171-D29B-4BD8-8034-553ABDA18ABD}.Release|Any CPU.Build.0 = Release|Any CPU
	EndGlobalSection
	GlobalSection(SolutionProperties) = preSolution
		HideSolutionNode = FALSE
	EndGlobalSection
	GlobalSection(ExtensibilityGlobals) = postSolution
		SolutionGuid = {33805D27-64BE-47E3-8962-3EDC5A15A5C3}
	EndGlobalSection
EndGlobal
